
Microsoft Visual Studio Solution File, Format Version 12.00
# Visual Studio Version 17
VisualStudioVersion = 17.2.32526.322
MinimumVisualStudioVersion = 10.0.40219.1
Project("{FAE04EC0-301F-11D3-BF4B-00C04F79EFBC}") = "Query-Homework", "Query-Homework\Query-Homework.csproj", "{2540D644-7B49-4C16-9EB9-7D88B74279B3}"
EndProject
Global
	GlobalSection(SolutionConfigurationPlatforms) = preSolution
		Debug|Any CPU = Debug|Any CPU
		Release|Any CPU = Release|Any CPU
	EndGlobalSection
	GlobalSection(ProjectConfigurationPlatforms) = postSolution
		{2540D644-7B49-4C16-9EB9-7D88B74279B3}.Debug|Any CPU.ActiveCfg = Debug|Any CPU
		{2540D644-7B49-4C16-9EB9-7D88B74279B3}.Debug|Any CPU.Build.0 = Debug|Any CPU
		{2540D644-7B49-4C16-9EB9-7D88B74279B3}.Release|Any CPU.ActiveCfg = Release|Any CPU
		{2540D644-7B49-4C16-9EB9-7D88B74279B3}.Release|Any CPU.Build.0 = Release|Any CPU
	EndGlobalSection
	GlobalSection(SolutionProperties) = preSolution
		HideSolutionNode = FALSE
	EndGlobalSection
	GlobalSection(ExtensibilityGlobals) = postSolution
		SolutionGuid = {F8E47F4A-5085-433B-AA0F-1D7780DB5CA2}
	EndGlobalSection
EndGlobal
