
Microsoft Visual Studio Solution File, Format Version 12.00
# Visual Studio Version 17
VisualStudioVersion = 17.2.32602.215
MinimumVisualStudioVersion = 10.0.40219.1
Project("{FAE04EC0-301F-11D3-BF4B-00C04F79EFBC}") = "initial-project", "initial-project\initial-project.csproj", "{C16F73AB-4251-428B-A3FA-AAA73FDC18F1}"
EndProject
Global
	GlobalSection(SolutionConfigurationPlatforms) = preSolution
		Debug|Any CPU = Debug|Any CPU
		Release|Any CPU = Release|Any CPU
	EndGlobalSection
	GlobalSection(ProjectConfigurationPlatforms) = postSolution
		{C16F73AB-4251-428B-A3FA-AAA73FDC18F1}.Debug|Any CPU.ActiveCfg = Debug|Any CPU
		{C16F73AB-4251-428B-A3FA-AAA73FDC18F1}.Debug|Any CPU.Build.0 = Debug|Any CPU
		{C16F73AB-4251-428B-A3FA-AAA73FDC18F1}.Release|Any CPU.ActiveCfg = Release|Any CPU
		{C16F73AB-4251-428B-A3FA-AAA73FDC18F1}.Release|Any CPU.Build.0 = Release|Any CPU
	EndGlobalSection
	GlobalSection(SolutionProperties) = preSolution
		HideSolutionNode = FALSE
	EndGlobalSection
	GlobalSection(ExtensibilityGlobals) = postSolution
		SolutionGuid = {AB94D207-ADF6-4C62-8841-4598260B7477}
	EndGlobalSection
EndGlobal
