
Microsoft Visual Studio Solution File, Format Version 12.00
# Visual Studio Version 17
VisualStudioVersion = 17.4.33110.190
MinimumVisualStudioVersion = 10.0.40219.1
Project("{FAE04EC0-301F-11D3-BF4B-00C04F79EFBC}") = "Range", "Range.csproj", "{B0138134-A3BF-4015-84FC-4543385D1F18}"
EndProject
Global
	GlobalSection(SolutionConfigurationPlatforms) = preSolution
		Debug|Any CPU = Debug|Any CPU
		Release|Any CPU = Release|Any CPU
	EndGlobalSection
	GlobalSection(ProjectConfigurationPlatforms) = postSolution
		{B0138134-A3BF-4015-84FC-4543385D1F18}.Debug|Any CPU.ActiveCfg = Debug|Any CPU
		{B0138134-A3BF-4015-84FC-4543385D1F18}.Debug|Any CPU.Build.0 = Debug|Any CPU
		{B0138134-A3BF-4015-84FC-4543385D1F18}.Release|Any CPU.ActiveCfg = Release|Any CPU
		{B0138134-A3BF-4015-84FC-4543385D1F18}.Release|Any CPU.Build.0 = Release|Any CPU
	EndGlobalSection
	GlobalSection(SolutionProperties) = preSolution
		HideSolutionNode = FALSE
	EndGlobalSection
	GlobalSection(ExtensibilityGlobals) = postSolution
		SolutionGuid = {1235C838-8BFD-4EA3-BC49-AF80C9ABAEF6}
	EndGlobalSection
EndGlobal
