
Microsoft Visual Studio Solution File, Format Version 12.00
# Visual Studio Version 17
VisualStudioVersion = 17.2.32526.322
MinimumVisualStudioVersion = 10.0.40219.1
Project("{9A19103F-16F7-4668-BE54-9A1E7A4F7556}") = "AdoNetHomework", "AdoNetHomework\AdoNetHomework.csproj", "{802E8073-0843-4640-B340-006A28342E4B}"
EndProject
Project("{FAE04EC0-301F-11D3-BF4B-00C04F79EFBC}") = "EntityHomeworkFirst", "EntityHomeworkFirst\EntityHomeworkFirst.csproj", "{54C4F082-7E3C-40D4-A2E1-5162A2BD4C98}"
EndProject
Global
	GlobalSection(SolutionConfigurationPlatforms) = preSolution
		Debug|Any CPU = Debug|Any CPU
		Release|Any CPU = Release|Any CPU
	EndGlobalSection
	GlobalSection(ProjectConfigurationPlatforms) = postSolution
		{802E8073-0843-4640-B340-006A28342E4B}.Debug|Any CPU.ActiveCfg = Debug|Any CPU
		{802E8073-0843-4640-B340-006A28342E4B}.Debug|Any CPU.Build.0 = Debug|Any CPU
		{802E8073-0843-4640-B340-006A28342E4B}.Release|Any CPU.ActiveCfg = Release|Any CPU
		{802E8073-0843-4640-B340-006A28342E4B}.Release|Any CPU.Build.0 = Release|Any CPU
		{54C4F082-7E3C-40D4-A2E1-5162A2BD4C98}.Debug|Any CPU.ActiveCfg = Debug|Any CPU
		{54C4F082-7E3C-40D4-A2E1-5162A2BD4C98}.Debug|Any CPU.Build.0 = Debug|Any CPU
		{54C4F082-7E3C-40D4-A2E1-5162A2BD4C98}.Release|Any CPU.ActiveCfg = Release|Any CPU
		{54C4F082-7E3C-40D4-A2E1-5162A2BD4C98}.Release|Any CPU.Build.0 = Release|Any CPU
	EndGlobalSection
	GlobalSection(SolutionProperties) = preSolution
		HideSolutionNode = FALSE
	EndGlobalSection
	GlobalSection(ExtensibilityGlobals) = postSolution
		SolutionGuid = {1CAAFB98-1AB1-4BFC-8B83-5E3D36022F62}
	EndGlobalSection
EndGlobal
