
Microsoft Visual Studio Solution File, Format Version 12.00
# Visual Studio Version 17
VisualStudioVersion = 17.4.33110.190
MinimumVisualStudioVersion = 10.0.40219.1
Project("{FAE04EC0-301F-11D3-BF4B-00C04F79EFBC}") = "Sandbox", "Sandbox.csproj", "{E4E5A2DD-3B33-4CD7-9259-94B80BD08964}"
EndProject
Global
	GlobalSection(SolutionConfigurationPlatforms) = preSolution
		Debug|Any CPU = Debug|Any CPU
		Release|Any CPU = Release|Any CPU
	EndGlobalSection
	GlobalSection(ProjectConfigurationPlatforms) = postSolution
		{E4E5A2DD-3B33-4CD7-9259-94B80BD08964}.Debug|Any CPU.ActiveCfg = Debug|Any CPU
		{E4E5A2DD-3B33-4CD7-9259-94B80BD08964}.Debug|Any CPU.Build.0 = Debug|Any CPU
		{E4E5A2DD-3B33-4CD7-9259-94B80BD08964}.Release|Any CPU.ActiveCfg = Release|Any CPU
		{E4E5A2DD-3B33-4CD7-9259-94B80BD08964}.Release|Any CPU.Build.0 = Release|Any CPU
	EndGlobalSection
	GlobalSection(SolutionProperties) = preSolution
		HideSolutionNode = FALSE
	EndGlobalSection
	GlobalSection(ExtensibilityGlobals) = postSolution
		SolutionGuid = {5236B79C-3DC0-4E7E-9031-9256A2F4A919}
	EndGlobalSection
EndGlobal
