
Microsoft Visual Studio Solution File, Format Version 12.00
# Visual Studio Version 17
VisualStudioVersion = 17.3.32901.215
MinimumVisualStudioVersion = 10.0.40219.1
Project("{9A19103F-16F7-4668-BE54-9A1E7A4F7556}") = "MainNetworkingProject", "MainNetworkingProject\MainNetworkingProject.csproj", "{B7886BD6-0655-43F9-9A28-B346BF5EE547}"
EndProject
Project("{9A19103F-16F7-4668-BE54-9A1E7A4F7556}") = "ReversedService", "ReversedService\ReversedService.csproj", "{E0631378-FAE2-4E47-9BC6-905B9A29B562}"
EndProject
Project("{9A19103F-16F7-4668-BE54-9A1E7A4F7556}") = "ReversedClient", "ReversedClient\ReversedClient.csproj", "{148E4090-2EDC-417D-9A24-F63B974E60FB}"
EndProject
Project("{9A19103F-16F7-4668-BE54-9A1E7A4F7556}") = "Range", "Range\Range.csproj", "{8F71B2C5-751D-4DB2-AF62-9F9A72E6804B}"
EndProject
Project("{FAE04EC0-301F-11D3-BF4B-00C04F79EFBC}") = "NetworkingAuxiliaryLibrary", "NetworkingAuxiliaryLibrary\NetworkingAuxiliaryLibrary.csproj", "{92A7CA60-133E-4CEB-8740-E0097E70683C}"
EndProject
Global
	GlobalSection(SolutionConfigurationPlatforms) = preSolution
		Debug|Any CPU = Debug|Any CPU
		Release|Any CPU = Release|Any CPU
	EndGlobalSection
	GlobalSection(ProjectConfigurationPlatforms) = postSolution
		{B7886BD6-0655-43F9-9A28-B346BF5EE547}.Debug|Any CPU.ActiveCfg = Debug|Any CPU
		{B7886BD6-0655-43F9-9A28-B346BF5EE547}.Debug|Any CPU.Build.0 = Debug|Any CPU
		{B7886BD6-0655-43F9-9A28-B346BF5EE547}.Release|Any CPU.ActiveCfg = Release|Any CPU
		{B7886BD6-0655-43F9-9A28-B346BF5EE547}.Release|Any CPU.Build.0 = Release|Any CPU
		{E0631378-FAE2-4E47-9BC6-905B9A29B562}.Debug|Any CPU.ActiveCfg = Debug|Any CPU
		{E0631378-FAE2-4E47-9BC6-905B9A29B562}.Debug|Any CPU.Build.0 = Debug|Any CPU
		{E0631378-FAE2-4E47-9BC6-905B9A29B562}.Release|Any CPU.ActiveCfg = Release|Any CPU
		{E0631378-FAE2-4E47-9BC6-905B9A29B562}.Release|Any CPU.Build.0 = Release|Any CPU
		{148E4090-2EDC-417D-9A24-F63B974E60FB}.Debug|Any CPU.ActiveCfg = Debug|Any CPU
		{148E4090-2EDC-417D-9A24-F63B974E60FB}.Debug|Any CPU.Build.0 = Debug|Any CPU
		{148E4090-2EDC-417D-9A24-F63B974E60FB}.Release|Any CPU.ActiveCfg = Release|Any CPU
		{148E4090-2EDC-417D-9A24-F63B974E60FB}.Release|Any CPU.Build.0 = Release|Any CPU
		{8F71B2C5-751D-4DB2-AF62-9F9A72E6804B}.Debug|Any CPU.ActiveCfg = Debug|Any CPU
		{8F71B2C5-751D-4DB2-AF62-9F9A72E6804B}.Debug|Any CPU.Build.0 = Debug|Any CPU
		{8F71B2C5-751D-4DB2-AF62-9F9A72E6804B}.Release|Any CPU.ActiveCfg = Release|Any CPU
		{8F71B2C5-751D-4DB2-AF62-9F9A72E6804B}.Release|Any CPU.Build.0 = Release|Any CPU
		{92A7CA60-133E-4CEB-8740-E0097E70683C}.Debug|Any CPU.ActiveCfg = Debug|Any CPU
		{92A7CA60-133E-4CEB-8740-E0097E70683C}.Debug|Any CPU.Build.0 = Debug|Any CPU
		{92A7CA60-133E-4CEB-8740-E0097E70683C}.Release|Any CPU.ActiveCfg = Release|Any CPU
		{92A7CA60-133E-4CEB-8740-E0097E70683C}.Release|Any CPU.Build.0 = Release|Any CPU
	EndGlobalSection
	GlobalSection(SolutionProperties) = preSolution
		HideSolutionNode = FALSE
	EndGlobalSection
	GlobalSection(ExtensibilityGlobals) = postSolution
		SolutionGuid = {D05E9CC5-55A9-4B54-B03B-484E768C635D}
	EndGlobalSection
EndGlobal
